
Microsoft Visual Studio Solution File, Format Version 12.00
# Visual Studio 15
VisualStudioVersion = 15.0.27130.2036
MinimumVisualStudioVersion = 10.0.40219.1
Project("{FAE04EC0-301F-11D3-BF4B-00C04F79EFBC}") = "TMX.Automation", "TMX.Automation\TMX.Automation.csproj", "{E464C9A3-BDA3-4FC2-AD68-3B67C8A31887}"
EndProject
Project("{FAE04EC0-301F-11D3-BF4B-00C04F79EFBC}") = "TMX.Selenium", "TMX.Selenium\TMX.Selenium.csproj", "{246C17F1-EE10-4A5D-8495-E450008C73D6}"
EndProject
Project("{FAE04EC0-301F-11D3-BF4B-00C04F79EFBC}") = "Configurations", "Configurations\Configurations.csproj", "{F385EE77-5A85-490A-9C66-26C34C116593}"
EndProject
Project("{2150E333-8FDC-42A3-9474-1A3956D46DE8}") = "Solution Items", "Solution Items", "{6EFDBEC2-DD15-469A-8879-BAA9463CE3DA}"
	ProjectSection(SolutionItems) = preProject
		Common.xslt = Common.xslt
		featureTags.xml = featureTags.xml
		GherkinElements.xslt = GherkinElements.xslt
		Languages.xml = Languages.xml
		NUnitExecutionReport.xslt = NUnitExecutionReport.xslt
		runTest.ps1 = runTest.ps1
		sendReport.ps1 = sendReport.ps1
	EndProjectSection
EndProject
Global
	GlobalSection(SolutionConfigurationPlatforms) = preSolution
		Debug|Any CPU = Debug|Any CPU
		QA|Any CPU = QA|Any CPU
		Release|Any CPU = Release|Any CPU
		STG|Any CPU = STG|Any CPU
	EndGlobalSection
	GlobalSection(ProjectConfigurationPlatforms) = postSolution
		{E464C9A3-BDA3-4FC2-AD68-3B67C8A31887}.Debug|Any CPU.ActiveCfg = Debug|Any CPU
		{E464C9A3-BDA3-4FC2-AD68-3B67C8A31887}.Debug|Any CPU.Build.0 = Debug|Any CPU
		{E464C9A3-BDA3-4FC2-AD68-3B67C8A31887}.QA|Any CPU.ActiveCfg = QA|Any CPU
		{E464C9A3-BDA3-4FC2-AD68-3B67C8A31887}.QA|Any CPU.Build.0 = QA|Any CPU
		{E464C9A3-BDA3-4FC2-AD68-3B67C8A31887}.Release|Any CPU.ActiveCfg = Release|Any CPU
		{E464C9A3-BDA3-4FC2-AD68-3B67C8A31887}.Release|Any CPU.Build.0 = Release|Any CPU
		{E464C9A3-BDA3-4FC2-AD68-3B67C8A31887}.STG|Any CPU.ActiveCfg = STG|Any CPU
		{E464C9A3-BDA3-4FC2-AD68-3B67C8A31887}.STG|Any CPU.Build.0 = STG|Any CPU
		{246C17F1-EE10-4A5D-8495-E450008C73D6}.Debug|Any CPU.ActiveCfg = Debug|Any CPU
		{246C17F1-EE10-4A5D-8495-E450008C73D6}.Debug|Any CPU.Build.0 = Debug|Any CPU
		{246C17F1-EE10-4A5D-8495-E450008C73D6}.QA|Any CPU.ActiveCfg = Debug|Any CPU
		{246C17F1-EE10-4A5D-8495-E450008C73D6}.QA|Any CPU.Build.0 = Debug|Any CPU
		{246C17F1-EE10-4A5D-8495-E450008C73D6}.Release|Any CPU.ActiveCfg = Release|Any CPU
		{246C17F1-EE10-4A5D-8495-E450008C73D6}.Release|Any CPU.Build.0 = Release|Any CPU
		{246C17F1-EE10-4A5D-8495-E450008C73D6}.STG|Any CPU.ActiveCfg = Debug|Any CPU
		{246C17F1-EE10-4A5D-8495-E450008C73D6}.STG|Any CPU.Build.0 = Debug|Any CPU
		{F385EE77-5A85-490A-9C66-26C34C116593}.Debug|Any CPU.ActiveCfg = Debug|Any CPU
		{F385EE77-5A85-490A-9C66-26C34C116593}.Debug|Any CPU.Build.0 = Debug|Any CPU
		{F385EE77-5A85-490A-9C66-26C34C116593}.QA|Any CPU.ActiveCfg = Release|Any CPU
		{F385EE77-5A85-490A-9C66-26C34C116593}.QA|Any CPU.Build.0 = Release|Any CPU
		{F385EE77-5A85-490A-9C66-26C34C116593}.Release|Any CPU.ActiveCfg = Release|Any CPU
		{F385EE77-5A85-490A-9C66-26C34C116593}.Release|Any CPU.Build.0 = Release|Any CPU
		{F385EE77-5A85-490A-9C66-26C34C116593}.STG|Any CPU.ActiveCfg = Debug|Any CPU
		{F385EE77-5A85-490A-9C66-26C34C116593}.STG|Any CPU.Build.0 = Debug|Any CPU
	EndGlobalSection
	GlobalSection(SolutionProperties) = preSolution
		HideSolutionNode = FALSE
	EndGlobalSection
	GlobalSection(ExtensibilityGlobals) = postSolution
		SolutionGuid = {AB28FD95-404B-4BC5-BB34-4E825C752E25}
	EndGlobalSection
EndGlobal
